// !$*UTF8*$!
{
	archiveVersion = 1;
	classes = {
	};
	objectVersion = 56;
	objects = {

/* Begin PBXBuildFile section */
		D384737929E3EF380058A702 /* AppDelegate.swift in Sources */ = {isa = PBXBuildFile; fileRef = D384737829E3EF380058A702 /* AppDelegate.swift */; };
		D384737B29E3EF380058A702 /* ContentView.swift in Sources */ = {isa = PBXBuildFile; fileRef = D384737A29E3EF380058A702 /* ContentView.swift */; };
		D384737D29E3EF380058A702 /* Experience.rcproject in Sources */ = {isa = PBXBuildFile; fileRef = D384737C29E3EF380058A702 /* Experience.rcproject */; };
		D384737F29E3EF3A0058A702 /* Assets.xcassets in Resources */ = {isa = PBXBuildFile; fileRef = D384737E29E3EF3A0058A702 /* Assets.xcassets */; };
		D384738229E3EF3A0058A702 /* Preview Assets.xcassets in Resources */ = {isa = PBXBuildFile; fileRef = D384738129E3EF3A0058A702 /* Preview Assets.xcassets */; };
		D384739029E3EFE70058A702 /* cup_saucer_set.usdz in Resources */ = {isa = PBXBuildFile; fileRef = D384738D29E3EFE70058A702 /* cup_saucer_set.usdz */; };
		D384739129E3EFE70058A702 /* toy_biplane_idle.usdz in Resources */ = {isa = PBXBuildFile; fileRef = D384738E29E3EFE70058A702 /* toy_biplane_idle.usdz */; };
		D384739229E3EFE70058A702 /* toy_drummer_idle.usdz in Resources */ = {isa = PBXBuildFile; fileRef = D384738F29E3EFE70058A702 /* toy_drummer_idle.usdz */; };
		D384739429E402210058A702 /* Model.swift in Sources */ = {isa = PBXBuildFile; fileRef = D384739329E402210058A702 /* Model.swift */; };
		D3981E3829E4F8B100048334 /* ARViewContainer.swift in Sources */ = {isa = PBXBuildFile; fileRef = D3981E3729E4F8B100048334 /* ARViewContainer.swift */; };
		D3981E3A29E504BD00048334 /* ModelPickerView.swift in Sources */ = {isa = PBXBuildFile; fileRef = D3981E3929E504BD00048334 /* ModelPickerView.swift */; };
		D3981E3C29E50B0100048334 /* PlacementButtonsView.swift in Sources */ = {isa = PBXBuildFile; fileRef = D3981E3B29E50B0100048334 /* PlacementButtonsView.swift */; };
		D3981E3F29E52F6C00048334 /* ViewModel.swift in Sources */ = {isa = PBXBuildFile; fileRef = D3981E3E29E52F6C00048334 /* ViewModel.swift */; };
/* End PBXBuildFile section */

/* Begin PBXFileReference section */
		D384737529E3EF380058A702 /* SwiftUIRealityKitTest.app */ = {isa = PBXFileReference; explicitFileType = wrapper.application; includeInIndex = 0; path = SwiftUIRealityKitTest.app; sourceTree = BUILT_PRODUCTS_DIR; };
		D384737829E3EF380058A702 /* AppDelegate.swift */ = {isa = PBXFileReference; lastKnownFileType = sourcecode.swift; path = AppDelegate.swift; sourceTree = "<group>"; };
		D384737A29E3EF380058A702 /* ContentView.swift */ = {isa = PBXFileReference; lastKnownFileType = sourcecode.swift; path = ContentView.swift; sourceTree = "<group>"; };
		D384737C29E3EF380058A702 /* Experience.rcproject */ = {isa = PBXFileReference; lastKnownFileType = file.rcproject; path = Experience.rcproject; sourceTree = "<group>"; };
		D384737E29E3EF3A0058A702 /* Assets.xcassets */ = {isa = PBXFileReference; lastKnownFileType = folder.assetcatalog; path = Assets.xcassets; sourceTree = "<group>"; };
		D384738129E3EF3A0058A702 /* Preview Assets.xcassets */ = {isa = PBXFileReference; lastKnownFileType = folder.assetcatalog; path = "Preview Assets.xcassets"; sourceTree = "<group>"; };
		D384738D29E3EFE70058A702 /* cup_saucer_set.usdz */ = {isa = PBXFileReference; lastKnownFileType = file.usdz; path = cup_saucer_set.usdz; sourceTree = "<group>"; };
		D384738E29E3EFE70058A702 /* toy_biplane_idle.usdz */ = {isa = PBXFileReference; lastKnownFileType = file.usdz; path = toy_biplane_idle.usdz; sourceTree = "<group>"; };
		D384738F29E3EFE70058A702 /* toy_drummer_idle.usdz */ = {isa = PBXFileReference; lastKnownFileType = file.usdz; path = toy_drummer_idle.usdz; sourceTree = "<group>"; };
		D384739329E402210058A702 /* Model.swift */ = {isa = PBXFileReference; lastKnownFileType = sourcecode.swift; path = Model.swift; sourceTree = "<group>"; };
		D3981E3729E4F8B100048334 /* ARViewContainer.swift */ = {isa = PBXFileReference; lastKnownFileType = sourcecode.swift; path = ARViewContainer.swift; sourceTree = "<group>"; };
		D3981E3929E504BD00048334 /* ModelPickerView.swift */ = {isa = PBXFileReference; lastKnownFileType = sourcecode.swift; path = ModelPickerView.swift; sourceTree = "<group>"; };
		D3981E3B29E50B0100048334 /* PlacementButtonsView.swift */ = {isa = PBXFileReference; lastKnownFileType = sourcecode.swift; path = PlacementButtonsView.swift; sourceTree = "<group>"; };
		D3981E3E29E52F6C00048334 /* ViewModel.swift */ = {isa = PBXFileReference; lastKnownFileType = sourcecode.swift; path = ViewModel.swift; sourceTree = "<group>"; };
/* End PBXFileReference section */

/* Begin PBXFrameworksBuildPhase section */
		D384737229E3EF380058A702 /* Frameworks */ = {
			isa = PBXFrameworksBuildPhase;
			buildActionMask = 2147483647;
			files = (
			);
			runOnlyForDeploymentPostprocessing = 0;
		};
/* End PBXFrameworksBuildPhase section */

/* Begin PBXGroup section */
		D384736C29E3EF380058A702 = {
			isa = PBXGroup;
			children = (
				D384737729E3EF380058A702 /* SwiftUIRealityKitTest */,
				D384737629E3EF380058A702 /* Products */,
			);
			sourceTree = "<group>";
		};
		D384737629E3EF380058A702 /* Products */ = {
			isa = PBXGroup;
			children = (
				D384737529E3EF380058A702 /* SwiftUIRealityKitTest.app */,
			);
			name = Products;
			sourceTree = "<group>";
		};
		D384737729E3EF380058A702 /* SwiftUIRealityKitTest */ = {
			isa = PBXGroup;
			children = (
				D3981E3D29E52F6200048334 /* ViewModel */,
				D3981E3629E4F89100048334 /* View */,
				D384738829E3EF440058A702 /* Model */,
				D384737829E3EF380058A702 /* AppDelegate.swift */,
				D384737A29E3EF380058A702 /* ContentView.swift */,
				D384737C29E3EF380058A702 /* Experience.rcproject */,
				D384737E29E3EF3A0058A702 /* Assets.xcassets */,
				D384738029E3EF3A0058A702 /* Preview Content */,
			);
			path = SwiftUIRealityKitTest;
			sourceTree = "<group>";
		};
		D384738029E3EF3A0058A702 /* Preview Content */ = {
			isa = PBXGroup;
			children = (
				D384738129E3EF3A0058A702 /* Preview Assets.xcassets */,
			);
			path = "Preview Content";
			sourceTree = "<group>";
		};
		D384738829E3EF440058A702 /* Model */ = {
			isa = PBXGroup;
			children = (
				D384739329E402210058A702 /* Model.swift */,
				D384738D29E3EFE70058A702 /* cup_saucer_set.usdz */,
				D384738E29E3EFE70058A702 /* toy_biplane_idle.usdz */,
				D384738F29E3EFE70058A702 /* toy_drummer_idle.usdz */,
			);
			path = Model;
			sourceTree = "<group>";
		};
		D3981E3629E4F89100048334 /* View */ = {
			isa = PBXGroup;
			children = (
				D3981E3729E4F8B100048334 /* ARViewContainer.swift */,
				D3981E3929E504BD00048334 /* ModelPickerView.swift */,
				D3981E3B29E50B0100048334 /* PlacementButtonsView.swift */,
			);
			path = View;
			sourceTree = "<group>";
		};
		D3981E3D29E52F6200048334 /* ViewModel */ = {
			isa = PBXGroup;
			children = (
				D3981E3E29E52F6C00048334 /* ViewModel.swift */,
			);
			path = ViewModel;
			sourceTree = "<group>";
		};
/* End PBXGroup section */

/* Begin PBXNativeTarget section */
		D384737429E3EF380058A702 /* SwiftUIRealityKitTest */ = {
			isa = PBXNativeTarget;
			buildConfigurationList = D384738529E3EF3A0058A702 /* Build configuration list for PBXNativeTarget "SwiftUIRealityKitTest" */;
			buildPhases = (
				D384737129E3EF380058A702 /* Sources */,
				D384737229E3EF380058A702 /* Frameworks */,
				D384737329E3EF380058A702 /* Resources */,
			);
			buildRules = (
			);
			dependencies = (
			);
			name = SwiftUIRealityKitTest;
			packageProductDependencies = (
			);
			productName = SwiftUIRealityKitTest;
			productReference = D384737529E3EF380058A702 /* SwiftUIRealityKitTest.app */;
			productType = "com.apple.product-type.application";
		};
/* End PBXNativeTarget section */

/* Begin PBXProject section */
		D384736D29E3EF380058A702 /* Project object */ = {
			isa = PBXProject;
			attributes = {
				BuildIndependentTargetsInParallel = 1;
				LastSwiftUpdateCheck = 1410;
				LastUpgradeCheck = 1410;
				TargetAttributes = {
					D384737429E3EF380058A702 = {
						CreatedOnToolsVersion = 14.1;
					};
				};
			};
			buildConfigurationList = D384737029E3EF380058A702 /* Build configuration list for PBXProject "SwiftUIRealityKitTest" */;
			compatibilityVersion = "Xcode 14.0";
			developmentRegion = en;
			hasScannedForEncodings = 0;
			knownRegions = (
				en,
				Base,
			);
			mainGroup = D384736C29E3EF380058A702;
			packageReferences = (
			);
			productRefGroup = D384737629E3EF380058A702 /* Products */;
			projectDirPath = "";
			projectRoot = "";
			targets = (
				D384737429E3EF380058A702 /* SwiftUIRealityKitTest */,
			);
		};
/* End PBXProject section */

/* Begin PBXResourcesBuildPhase section */
		D384737329E3EF380058A702 /* Resources */ = {
			isa = PBXResourcesBuildPhase;
			buildActionMask = 2147483647;
			files = (
				D384739129E3EFE70058A702 /* toy_biplane_idle.usdz in Resources */,
				D384738229E3EF3A0058A702 /* Preview Assets.xcassets in Resources */,
				D384737F29E3EF3A0058A702 /* Assets.xcassets in Resources */,
				D384739029E3EFE70058A702 /* cup_saucer_set.usdz in Resources */,
				D384739229E3EFE70058A702 /* toy_drummer_idle.usdz in Resources */,
			);
			runOnlyForDeploymentPostprocessing = 0;
		};
/* End PBXResourcesBuildPhase section */

/* Begin PBXSourcesBuildPhase section */
		D384737129E3EF380058A702 /* Sources */ = {
			isa = PBXSourcesBuildPhase;
			buildActionMask = 2147483647;
			files = (
				D384737B29E3EF380058A702 /* ContentView.swift in Sources */,
				D384737929E3EF380058A702 /* AppDelegate.swift in Sources */,
				D3981E3A29E504BD00048334 /* ModelPickerView.swift in Sources */,
				D3981E3C29E50B0100048334 /* PlacementButtonsView.swift in Sources */,
				D384737D29E3EF380058A702 /* Experience.rcproject in Sources */,
				D3981E3F29E52F6C00048334 /* ViewModel.swift in Sources */,
				D384739429E402210058A702 /* Model.swift in Sources */,
				D3981E3829E4F8B100048334 /* ARViewContainer.swift in Sources */,
			);
			runOnlyForDeploymentPostprocessing = 0;
		};
/* End PBXSourcesBuildPhase section */

/* Begin XCBuildConfiguration section */
		D384738329E3EF3A0058A702 /* Debug */ = {
			isa = XCBuildConfiguration;
			buildSettings = {
				ALWAYS_SEARCH_USER_PATHS = NO;
				CLANG_ANALYZER_NONNULL = YES;
				CLANG_ANALYZER_NUMBER_OBJECT_CONVERSION = YES_AGGRESSIVE;
				CLANG_CXX_LANGUAGE_STANDARD = "gnu++20";
				CLANG_ENABLE_MODULES = YES;
				CLANG_ENABLE_OBJC_ARC = YES;
				CLANG_ENABLE_OBJC_WEAK = YES;
				CLANG_WARN_BLOCK_CAPTURE_AUTORELEASING = YES;
				CLANG_WARN_BOOL_CONVERSION = YES;
				CLANG_WARN_COMMA = YES;
				CLANG_WARN_CONSTANT_CONVERSION = YES;
				CLANG_WARN_DEPRECATED_OBJC_IMPLEMENTATIONS = YES;
				CLANG_WARN_DIRECT_OBJC_ISA_USAGE = YES_ERROR;
				CLANG_WARN_DOCUMENTATION_COMMENTS = YES;
				CLANG_WARN_EMPTY_BODY = YES;
				CLANG_WARN_ENUM_CONVERSION = YES;
				CLANG_WARN_INFINITE_RECURSION = YES;
				CLANG_WARN_INT_CONVERSION = YES;
				CLANG_WARN_NON_LITERAL_NULL_CONVERSION = YES;
				CLANG_WARN_OBJC_IMPLICIT_RETAIN_SELF = YES;
				CLANG_WARN_OBJC_LITERAL_CONVERSION = YES;
				CLANG_WARN_OBJC_ROOT_CLASS = YES_ERROR;
				CLANG_WARN_QUOTED_INCLUDE_IN_FRAMEWORK_HEADER = YES;
				CLANG_WARN_RANGE_LOOP_ANALYSIS = YES;
				CLANG_WARN_STRICT_PROTOTYPES = YES;
				CLANG_WARN_SUSPICIOUS_MOVE = YES;
				CLANG_WARN_UNGUARDED_AVAILABILITY = YES_AGGRESSIVE;
				CLANG_WARN_UNREACHABLE_CODE = YES;
				CLANG_WARN__DUPLICATE_METHOD_MATCH = YES;
				COPY_PHASE_STRIP = NO;
				DEBUG_INFORMATION_FORMAT = dwarf;
				ENABLE_STRICT_OBJC_MSGSEND = YES;
				ENABLE_TESTABILITY = YES;
				GCC_C_LANGUAGE_STANDARD = gnu11;
				GCC_DYNAMIC_NO_PIC = NO;
				GCC_NO_COMMON_BLOCKS = YES;
				GCC_OPTIMIZATION_LEVEL = 0;
				GCC_PREPROCESSOR_DEFINITIONS = (
					"DEBUG=1",
					"$(inherited)",
				);
				GCC_WARN_64_TO_32_BIT_CONVERSION = YES;
				GCC_WARN_ABOUT_RETURN_TYPE = YES_ERROR;
				GCC_WARN_UNDECLARED_SELECTOR = YES;
				GCC_WARN_UNINITIALIZED_AUTOS = YES_AGGRESSIVE;
				GCC_WARN_UNUSED_FUNCTION = YES;
				GCC_WARN_UNUSED_VARIABLE = YES;
				IPHONEOS_DEPLOYMENT_TARGET = 14.0;
				MTL_ENABLE_DEBUG_INFO = INCLUDE_SOURCE;
				MTL_FAST_MATH = YES;
				ONLY_ACTIVE_ARCH = YES;
				SDKROOT = iphoneos;
				SWIFT_ACTIVE_COMPILATION_CONDITIONS = DEBUG;
				SWIFT_OPTIMIZATION_LEVEL = "-Onone";
			};
			name = Debug;
		};
		D384738429E3EF3A0058A702 /* Release */ = {
			isa = XCBuildConfiguration;
			buildSettings = {
				ALWAYS_SEARCH_USER_PATHS = NO;
				CLANG_ANALYZER_NONNULL = YES;
				CLANG_ANALYZER_NUMBER_OBJECT_CONVERSION = YES_AGGRESSIVE;
				CLANG_CXX_LANGUAGE_STANDARD = "gnu++20";
				CLANG_ENABLE_MODULES = YES;
				CLANG_ENABLE_OBJC_ARC = YES;
				CLANG_ENABLE_OBJC_WEAK = YES;
				CLANG_WARN_BLOCK_CAPTURE_AUTORELEASING = YES;
				CLANG_WARN_BOOL_CONVERSION = YES;
				CLANG_WARN_COMMA = YES;
				CLANG_WARN_CONSTANT_CONVERSION = YES;
				CLANG_WARN_DEPRECATED_OBJC_IMPLEMENTATIONS = YES;
				CLANG_WARN_DIRECT_OBJC_ISA_USAGE = YES_ERROR;
				CLANG_WARN_DOCUMENTATION_COMMENTS = YES;
				CLANG_WARN_EMPTY_BODY = YES;
				CLANG_WARN_ENUM_CONVERSION = YES;
				CLANG_WARN_INFINITE_RECURSION = YES;
				CLANG_WARN_INT_CONVERSION = YES;
				CLANG_WARN_NON_LITERAL_NULL_CONVERSION = YES;
				CLANG_WARN_OBJC_IMPLICIT_RETAIN_SELF = YES;
				CLANG_WARN_OBJC_LITERAL_CONVERSION = YES;
				CLANG_WARN_OBJC_ROOT_CLASS = YES_ERROR;
				CLANG_WARN_QUOTED_INCLUDE_IN_FRAMEWORK_HEADER = YES;
				CLANG_WARN_RANGE_LOOP_ANALYSIS = YES;
				CLANG_WARN_STRICT_PROTOTYPES = YES;
				CLANG_WARN_SUSPICIOUS_MOVE = YES;
				CLANG_WARN_UNGUARDED_AVAILABILITY = YES_AGGRESSIVE;
				CLANG_WARN_UNREACHABLE_CODE = YES;
				CLANG_WARN__DUPLICATE_METHOD_MATCH = YES;
				COPY_PHASE_STRIP = NO;
				DEBUG_INFORMATION_FORMAT = "dwarf-with-dsym";
				ENABLE_NS_ASSERTIONS = NO;
				ENABLE_STRICT_OBJC_MSGSEND = YES;
				GCC_C_LANGUAGE_STANDARD = gnu11;
				GCC_NO_COMMON_BLOCKS = YES;
				GCC_WARN_64_TO_32_BIT_CONVERSION = YES;
				GCC_WARN_ABOUT_RETURN_TYPE = YES_ERROR;
				GCC_WARN_UNDECLARED_SELECTOR = YES;
				GCC_WARN_UNINITIALIZED_AUTOS = YES_AGGRESSIVE;
				GCC_WARN_UNUSED_FUNCTION = YES;
				GCC_WARN_UNUSED_VARIABLE = YES;
				IPHONEOS_DEPLOYMENT_TARGET = 14.0;
				MTL_ENABLE_DEBUG_INFO = NO;
				MTL_FAST_MATH = YES;
				SDKROOT = iphoneos;
				SWIFT_COMPILATION_MODE = wholemodule;
				SWIFT_OPTIMIZATION_LEVEL = "-O";
				VALIDATE_PRODUCT = YES;
			};
			name = Release;
		};
		D384738629E3EF3A0058A702 /* Debug */ = {
			isa = XCBuildConfiguration;
			buildSettings = {
				ASSETCATALOG_COMPILER_APPICON_NAME = AppIcon;
				ASSETCATALOG_COMPILER_GLOBAL_ACCENT_COLOR_NAME = AccentColor;
				CODE_SIGN_STYLE = Automatic;
				CURRENT_PROJECT_VERSION = 1;
				DEVELOPMENT_ASSET_PATHS = "\"SwiftUIRealityKitTest/Preview Content\"";
				DEVELOPMENT_TEAM = 9XD488YM8C;
				ENABLE_PREVIEWS = YES;
				GENERATE_INFOPLIST_FILE = YES;
				INFOPLIST_KEY_NSCameraUsageDescription = "";
				INFOPLIST_KEY_UIApplicationSupportsIndirectInputEvents = YES;
				INFOPLIST_KEY_UILaunchScreen_Generation = YES;
				INFOPLIST_KEY_UIRequiredDeviceCapabilities = arkit;
				INFOPLIST_KEY_UIStatusBarHidden = YES;
				INFOPLIST_KEY_UISupportedInterfaceOrientations_iPad = "UIInterfaceOrientationPortrait UIInterfaceOrientationPortraitUpsideDown UIInterfaceOrientationLandscapeLeft UIInterfaceOrientationLandscapeRight";
				INFOPLIST_KEY_UISupportedInterfaceOrientations_iPhone = "UIInterfaceOrientationPortrait UIInterfaceOrientationLandscapeLeft UIInterfaceOrientationLandscapeRight";
				IPHONEOS_DEPLOYMENT_TARGET = 14.0;
				LD_RUNPATH_SEARCH_PATHS = (
					"$(inherited)",
					"@executable_path/Frameworks",
				);
				MARKETING_VERSION = 1.0;
				PRODUCT_BUNDLE_IDENTIFIER = com.gunho.SwiftUIRealityKitTest;
				PRODUCT_NAME = "$(TARGET_NAME)";
				SWIFT_EMIT_LOC_STRINGS = YES;
				SWIFT_VERSION = 5.0;
				TARGETED_DEVICE_FAMILY = "1,2";
			};
			name = Debug;
		};
		D384738729E3EF3A0058A702 /* Release */ = {
			isa = XCBuildConfiguration;
			buildSettings = {
				ASSETCATALOG_COMPILER_APPICON_NAME = AppIcon;
				ASSETCATALOG_COMPILER_GLOBAL_ACCENT_COLOR_NAME = AccentColor;
				CODE_SIGN_STYLE = Automatic;
				CURRENT_PROJECT_VERSION = 1;
				DEVELOPMENT_ASSET_PATHS = "\"SwiftUIRealityKitTest/Preview Content\"";
				DEVELOPMENT_TEAM = 9XD488YM8C;
				ENABLE_PREVIEWS = YES;
				GENERATE_INFOPLIST_FILE = YES;
				INFOPLIST_KEY_NSCameraUsageDescription = "";
				INFOPLIST_KEY_UIApplicationSupportsIndirectInputEvents = YES;
				INFOPLIST_KEY_UILaunchScreen_Generation = YES;
				INFOPLIST_KEY_UIRequiredDeviceCapabilities = arkit;
				INFOPLIST_KEY_UIStatusBarHidden = YES;
				INFOPLIST_KEY_UISupportedInterfaceOrientations_iPad = "UIInterfaceOrientationPortrait UIInterfaceOrientationPortraitUpsideDown UIInterfaceOrientationLandscapeLeft UIInterfaceOrientationLandscapeRight";
				INFOPLIST_KEY_UISupportedInterfaceOrientations_iPhone = "UIInterfaceOrientationPortrait UIInterfaceOrientationLandscapeLeft UIInterfaceOrientationLandscapeRight";
				IPHONEOS_DEPLOYMENT_TARGET = 14.0;
				LD_RUNPATH_SEARCH_PATHS = (
					"$(inherited)",
					"@executable_path/Frameworks",
				);
				MARKETING_VERSION = 1.0;
				PRODUCT_BUNDLE_IDENTIFIER = com.gunho.SwiftUIRealityKitTest;
				PRODUCT_NAME = "$(TARGET_NAME)";
				SWIFT_EMIT_LOC_STRINGS = YES;
				SWIFT_VERSION = 5.0;
				TARGETED_DEVICE_FAMILY = "1,2";
			};
			name = Release;
		};
/* End XCBuildConfiguration section */

/* Begin XCConfigurationList section */
		D384737029E3EF380058A702 /* Build configuration list for PBXProject "SwiftUIRealityKitTest" */ = {
			isa = XCConfigurationList;
			buildConfigurations = (
				D384738329E3EF3A0058A702 /* Debug */,
				D384738429E3EF3A0058A702 /* Release */,
			);
			defaultConfigurationIsVisible = 0;
			defaultConfigurationName = Release;
		};
		D384738529E3EF3A0058A702 /* Build configuration list for PBXNativeTarget "SwiftUIRealityKitTest" */ = {
			isa = XCConfigurationList;
			buildConfigurations = (
				D384738629E3EF3A0058A702 /* Debug */,
				D384738729E3EF3A0058A702 /* Release */,
			);
			defaultConfigurationIsVisible = 0;
			defaultConfigurationName = Release;
		};
/* End XCConfigurationList section */
	};
	rootObject = D384736D29E3EF380058A702 /* Project object */;
}
